
Microsoft Visual Studio Solution File, Format Version 12.00
# Visual Studio 15
VisualStudioVersion = 15.0.27703.2047
MinimumVisualStudioVersion = 10.0.40219.1
Project("{FAE04EC0-301F-11D3-BF4B-00C04F79EFBC}") = "第十四天", "第十四天\第十四天.csproj", "{7EDD6112-4286-433B-9AC8-9DEB66825C02}"
EndProject
Project("{FAE04EC0-301F-11D3-BF4B-00C04F79EFBC}") = "MD5加密", "MD5加密\MD5加密.csproj", "{E90D7413-3B29-4250-AFFB-8A6D037E2D33}"
EndProject
Project("{FAE04EC0-301F-11D3-BF4B-00C04F79EFBC}") = "WindowsFormsApp1", "WindowsFormsApp1\WindowsFormsApp1.csproj", "{450E1065-60EE-4DDB-A754-060955FDA11C}"
EndProject
Project("{FAE04EC0-301F-11D3-BF4B-00C04F79EFBC}") = "Do You Love Me", "Do You Love Me\Do You Love Me.csproj", "{BCFCDD8B-B0A7-463B-9C6D-5F3A5AE7BAAF}"
EndProject
Global
	GlobalSection(SolutionConfigurationPlatforms) = preSolution
		Debug|Any CPU = Debug|Any CPU
		Release|Any CPU = Release|Any CPU
	EndGlobalSection
	GlobalSection(ProjectConfigurationPlatforms) = postSolution
		{7EDD6112-4286-433B-9AC8-9DEB66825C02}.Debug|Any CPU.ActiveCfg = Debug|Any CPU
		{7EDD6112-4286-433B-9AC8-9DEB66825C02}.Debug|Any CPU.Build.0 = Debug|Any CPU
		{7EDD6112-4286-433B-9AC8-9DEB66825C02}.Release|Any CPU.ActiveCfg = Release|Any CPU
		{7EDD6112-4286-433B-9AC8-9DEB66825C02}.Release|Any CPU.Build.0 = Release|Any CPU
		{E90D7413-3B29-4250-AFFB-8A6D037E2D33}.Debug|Any CPU.ActiveCfg = Debug|Any CPU
		{E90D7413-3B29-4250-AFFB-8A6D037E2D33}.Debug|Any CPU.Build.0 = Debug|Any CPU
		{E90D7413-3B29-4250-AFFB-8A6D037E2D33}.Release|Any CPU.ActiveCfg = Release|Any CPU
		{E90D7413-3B29-4250-AFFB-8A6D037E2D33}.Release|Any CPU.Build.0 = Release|Any CPU
		{450E1065-60EE-4DDB-A754-060955FDA11C}.Debug|Any CPU.ActiveCfg = Debug|Any CPU
		{450E1065-60EE-4DDB-A754-060955FDA11C}.Debug|Any CPU.Build.0 = Debug|Any CPU
		{450E1065-60EE-4DDB-A754-060955FDA11C}.Release|Any CPU.ActiveCfg = Release|Any CPU
		{450E1065-60EE-4DDB-A754-060955FDA11C}.Release|Any CPU.Build.0 = Release|Any CPU
		{BCFCDD8B-B0A7-463B-9C6D-5F3A5AE7BAAF}.Debug|Any CPU.ActiveCfg = Debug|Any CPU
		{BCFCDD8B-B0A7-463B-9C6D-5F3A5AE7BAAF}.Debug|Any CPU.Build.0 = Debug|Any CPU
		{BCFCDD8B-B0A7-463B-9C6D-5F3A5AE7BAAF}.Release|Any CPU.ActiveCfg = Release|Any CPU
		{BCFCDD8B-B0A7-463B-9C6D-5F3A5AE7BAAF}.Release|Any CPU.Build.0 = Release|Any CPU
	EndGlobalSection
	GlobalSection(SolutionProperties) = preSolution
		HideSolutionNode = FALSE
	EndGlobalSection
	GlobalSection(ExtensibilityGlobals) = postSolution
		SolutionGuid = {6609C849-BF71-4E3C-995D-9CE7BF52736C}
	EndGlobalSection
EndGlobal
